
Microsoft Visual Studio Solution File, Format Version 12.00
# Visual Studio Version 17
VisualStudioVersion = 17.14.36429.23 d17.14
MinimumVisualStudioVersion = 10.0.40219.1
Project("{FAE04EC0-301F-11D3-BF4B-00C04F79EFBC}") = "empresaPractica1", "empresaPractica1\empresaPractica1.csproj", "{945C437E-93CB-4BA7-B20B-56B8BDC3A5CE}"
EndProject
Global
	GlobalSection(SolutionConfigurationPlatforms) = preSolution
		Debug|Any CPU = Debug|Any CPU
		Release|Any CPU = Release|Any CPU
	EndGlobalSection
	GlobalSection(ProjectConfigurationPlatforms) = postSolution
		{945C437E-93CB-4BA7-B20B-56B8BDC3A5CE}.Debug|Any CPU.ActiveCfg = Debug|Any CPU
		{945C437E-93CB-4BA7-B20B-56B8BDC3A5CE}.Debug|Any CPU.Build.0 = Debug|Any CPU
		{945C437E-93CB-4BA7-B20B-56B8BDC3A5CE}.Release|Any CPU.ActiveCfg = Release|Any CPU
		{945C437E-93CB-4BA7-B20B-56B8BDC3A5CE}.Release|Any CPU.Build.0 = Release|Any CPU
	EndGlobalSection
	GlobalSection(SolutionProperties) = preSolution
		HideSolutionNode = FALSE
	EndGlobalSection
	GlobalSection(ExtensibilityGlobals) = postSolution
		SolutionGuid = {EB8A1690-275D-4893-BC35-E77F48D29F64}
	EndGlobalSection
EndGlobal
